// !$*UTF8*$!
{
	archiveVersion = 1;
	classes = {
	};
	objectVersion = 56;
	objects = {

/* Begin PBXBuildFile section */
		2460C8066B863D9DF8E511B4 /* Pods_SampleGitHubActions_SampleGitHubActionsUITests.framework in Frameworks */ = {isa = PBXBuildFile; fileRef = 41331CD8C0A5CFCD7C42BDE9 /* Pods_SampleGitHubActions_SampleGitHubActionsUITests.framework */; };
		50FF0BCEB2FCCABA2273CD24 /* Pods_SampleGitHubActions.framework in Frameworks */ = {isa = PBXBuildFile; fileRef = 1A742F1C38FBC68307F7593E /* Pods_SampleGitHubActions.framework */; };
		A8E8D54170A17D72A52A5A73 /* Pods_SampleGitHubActionsTests.framework in Frameworks */ = {isa = PBXBuildFile; fileRef = DF669DFEECA6A731A27CDFF2 /* Pods_SampleGitHubActionsTests.framework */; };
		C10299B62A553E3E00A1CC31 /* SampleGitHubActionsApp.swift in Sources */ = {isa = PBXBuildFile; fileRef = C10299B52A553E3E00A1CC31 /* SampleGitHubActionsApp.swift */; };
		C10299B82A553E3E00A1CC31 /* ContentView.swift in Sources */ = {isa = PBXBuildFile; fileRef = C10299B72A553E3E00A1CC31 /* ContentView.swift */; };
		C10299BA2A553E4000A1CC31 /* Assets.xcassets in Resources */ = {isa = PBXBuildFile; fileRef = C10299B92A553E4000A1CC31 /* Assets.xcassets */; };
		C10299BD2A553E4100A1CC31 /* Preview Assets.xcassets in Resources */ = {isa = PBXBuildFile; fileRef = C10299BC2A553E4100A1CC31 /* Preview Assets.xcassets */; };
		C10299C72A553E4100A1CC31 /* SampleGitHubActionsTests.swift in Sources */ = {isa = PBXBuildFile; fileRef = C10299C62A553E4100A1CC31 /* SampleGitHubActionsTests.swift */; };
		C10299D12A553E4100A1CC31 /* SampleGitHubActionsUITests.swift in Sources */ = {isa = PBXBuildFile; fileRef = C10299D02A553E4100A1CC31 /* SampleGitHubActionsUITests.swift */; };
		C10299D32A553E4100A1CC31 /* SampleGitHubActionsUITestsLaunchTests.swift in Sources */ = {isa = PBXBuildFile; fileRef = C10299D22A553E4100A1CC31 /* SampleGitHubActionsUITestsLaunchTests.swift */; };
		C1029A1C2A56872900A1CC31 /* GoogleService-Info .plist in Resources */ = {isa = PBXBuildFile; fileRef = C1029A1B2A56872900A1CC31 /* GoogleService-Info .plist */; };
/* End PBXBuildFile section */

/* Begin PBXContainerItemProxy section */
		C10299C32A553E4100A1CC31 /* PBXContainerItemProxy */ = {
			isa = PBXContainerItemProxy;
			containerPortal = C10299AA2A553E3E00A1CC31 /* Project object */;
			proxyType = 1;
			remoteGlobalIDString = C10299B12A553E3E00A1CC31;
			remoteInfo = SampleGitHubActions;
		};
		C10299CD2A553E4100A1CC31 /* PBXContainerItemProxy */ = {
			isa = PBXContainerItemProxy;
			containerPortal = C10299AA2A553E3E00A1CC31 /* Project object */;
			proxyType = 1;
			remoteGlobalIDString = C10299B12A553E3E00A1CC31;
			remoteInfo = SampleGitHubActions;
		};
/* End PBXContainerItemProxy section */

/* Begin PBXFileReference section */
		1A742F1C38FBC68307F7593E /* Pods_SampleGitHubActions.framework */ = {isa = PBXFileReference; explicitFileType = wrapper.framework; includeInIndex = 0; path = Pods_SampleGitHubActions.framework; sourceTree = BUILT_PRODUCTS_DIR; };
		41331CD8C0A5CFCD7C42BDE9 /* Pods_SampleGitHubActions_SampleGitHubActionsUITests.framework */ = {isa = PBXFileReference; explicitFileType = wrapper.framework; includeInIndex = 0; path = Pods_SampleGitHubActions_SampleGitHubActionsUITests.framework; sourceTree = BUILT_PRODUCTS_DIR; };
		7A152DAA569F86EF2DFE8B41 /* Pods-SampleGitHubActions-SampleGitHubActionsUITests.debug.xcconfig */ = {isa = PBXFileReference; includeInIndex = 1; lastKnownFileType = text.xcconfig; name = "Pods-SampleGitHubActions-SampleGitHubActionsUITests.debug.xcconfig"; path = "Target Support Files/Pods-SampleGitHubActions-SampleGitHubActionsUITests/Pods-SampleGitHubActions-SampleGitHubActionsUITests.debug.xcconfig"; sourceTree = "<group>"; };
		882A061FAA944BE6D461FC85 /* Pods-SampleGitHubActions.release.xcconfig */ = {isa = PBXFileReference; includeInIndex = 1; lastKnownFileType = text.xcconfig; name = "Pods-SampleGitHubActions.release.xcconfig"; path = "Target Support Files/Pods-SampleGitHubActions/Pods-SampleGitHubActions.release.xcconfig"; sourceTree = "<group>"; };
		B68BE36E1BDD5A2C91F05951 /* Pods-SampleGitHubActions.debug.xcconfig */ = {isa = PBXFileReference; includeInIndex = 1; lastKnownFileType = text.xcconfig; name = "Pods-SampleGitHubActions.debug.xcconfig"; path = "Target Support Files/Pods-SampleGitHubActions/Pods-SampleGitHubActions.debug.xcconfig"; sourceTree = "<group>"; };
		B9E6EC261A4BC36F5D59E26A /* Pods-SampleGitHubActionsTests.release.xcconfig */ = {isa = PBXFileReference; includeInIndex = 1; lastKnownFileType = text.xcconfig; name = "Pods-SampleGitHubActionsTests.release.xcconfig"; path = "Target Support Files/Pods-SampleGitHubActionsTests/Pods-SampleGitHubActionsTests.release.xcconfig"; sourceTree = "<group>"; };
		C10299B22A553E3E00A1CC31 /* SampleGitHubActions.app */ = {isa = PBXFileReference; explicitFileType = wrapper.application; includeInIndex = 0; path = SampleGitHubActions.app; sourceTree = BUILT_PRODUCTS_DIR; };
		C10299B52A553E3E00A1CC31 /* SampleGitHubActionsApp.swift */ = {isa = PBXFileReference; lastKnownFileType = sourcecode.swift; path = SampleGitHubActionsApp.swift; sourceTree = "<group>"; };
		C10299B72A553E3E00A1CC31 /* ContentView.swift */ = {isa = PBXFileReference; lastKnownFileType = sourcecode.swift; path = ContentView.swift; sourceTree = "<group>"; };
		C10299B92A553E4000A1CC31 /* Assets.xcassets */ = {isa = PBXFileReference; lastKnownFileType = folder.assetcatalog; path = Assets.xcassets; sourceTree = "<group>"; };
		C10299BC2A553E4100A1CC31 /* Preview Assets.xcassets */ = {isa = PBXFileReference; lastKnownFileType = folder.assetcatalog; path = "Preview Assets.xcassets"; sourceTree = "<group>"; };
		C10299C22A553E4100A1CC31 /* SampleGitHubActionsTests.xctest */ = {isa = PBXFileReference; explicitFileType = wrapper.cfbundle; includeInIndex = 0; path = SampleGitHubActionsTests.xctest; sourceTree = BUILT_PRODUCTS_DIR; };
		C10299C62A553E4100A1CC31 /* SampleGitHubActionsTests.swift */ = {isa = PBXFileReference; lastKnownFileType = sourcecode.swift; path = SampleGitHubActionsTests.swift; sourceTree = "<group>"; };
		C10299CC2A553E4100A1CC31 /* SampleGitHubActionsUITests.xctest */ = {isa = PBXFileReference; explicitFileType = wrapper.cfbundle; includeInIndex = 0; path = SampleGitHubActionsUITests.xctest; sourceTree = BUILT_PRODUCTS_DIR; };
		C10299D02A553E4100A1CC31 /* SampleGitHubActionsUITests.swift */ = {isa = PBXFileReference; lastKnownFileType = sourcecode.swift; path = SampleGitHubActionsUITests.swift; sourceTree = "<group>"; };
		C10299D22A553E4100A1CC31 /* SampleGitHubActionsUITestsLaunchTests.swift */ = {isa = PBXFileReference; lastKnownFileType = sourcecode.swift; path = SampleGitHubActionsUITestsLaunchTests.swift; sourceTree = "<group>"; };
		C1029A1B2A56872900A1CC31 /* GoogleService-Info .plist */ = {isa = PBXFileReference; fileEncoding = 4; lastKnownFileType = text.plist.xml; name = "GoogleService-Info .plist"; path = "../../Desktop/GoogleService-Info .plist"; sourceTree = "<group>"; };
		CA69D12B686DE6DAA87EE793 /* Pods-SampleGitHubActions-SampleGitHubActionsUITests.release.xcconfig */ = {isa = PBXFileReference; includeInIndex = 1; lastKnownFileType = text.xcconfig; name = "Pods-SampleGitHubActions-SampleGitHubActionsUITests.release.xcconfig"; path = "Target Support Files/Pods-SampleGitHubActions-SampleGitHubActionsUITests/Pods-SampleGitHubActions-SampleGitHubActionsUITests.release.xcconfig"; sourceTree = "<group>"; };
		DF669DFEECA6A731A27CDFF2 /* Pods_SampleGitHubActionsTests.framework */ = {isa = PBXFileReference; explicitFileType = wrapper.framework; includeInIndex = 0; path = Pods_SampleGitHubActionsTests.framework; sourceTree = BUILT_PRODUCTS_DIR; };
		F8A3C182E3744F3B9E474C20 /* Pods-SampleGitHubActionsTests.debug.xcconfig */ = {isa = PBXFileReference; includeInIndex = 1; lastKnownFileType = text.xcconfig; name = "Pods-SampleGitHubActionsTests.debug.xcconfig"; path = "Target Support Files/Pods-SampleGitHubActionsTests/Pods-SampleGitHubActionsTests.debug.xcconfig"; sourceTree = "<group>"; };
/* End PBXFileReference section */

/* Begin PBXFrameworksBuildPhase section */
		C10299AF2A553E3E00A1CC31 /* Frameworks */ = {
			isa = PBXFrameworksBuildPhase;
			buildActionMask = 2147483647;
			files = (
				50FF0BCEB2FCCABA2273CD24 /* Pods_SampleGitHubActions.framework in Frameworks */,
			);
			runOnlyForDeploymentPostprocessing = 0;
		};
		C10299BF2A553E4100A1CC31 /* Frameworks */ = {
			isa = PBXFrameworksBuildPhase;
			buildActionMask = 2147483647;
			files = (
				A8E8D54170A17D72A52A5A73 /* Pods_SampleGitHubActionsTests.framework in Frameworks */,
			);
			runOnlyForDeploymentPostprocessing = 0;
		};
		C10299C92A553E4100A1CC31 /* Frameworks */ = {
			isa = PBXFrameworksBuildPhase;
			buildActionMask = 2147483647;
			files = (
				2460C8066B863D9DF8E511B4 /* Pods_SampleGitHubActions_SampleGitHubActionsUITests.framework in Frameworks */,
			);
			runOnlyForDeploymentPostprocessing = 0;
		};
/* End PBXFrameworksBuildPhase section */

/* Begin PBXGroup section */
		4D20EBCA0C8C8FE996CB5400 /* Frameworks */ = {
			isa = PBXGroup;
			children = (
				1A742F1C38FBC68307F7593E /* Pods_SampleGitHubActions.framework */,
				41331CD8C0A5CFCD7C42BDE9 /* Pods_SampleGitHubActions_SampleGitHubActionsUITests.framework */,
				DF669DFEECA6A731A27CDFF2 /* Pods_SampleGitHubActionsTests.framework */,
			);
			name = Frameworks;
			sourceTree = "<group>";
		};
		4DDE325D08585F4A76A7C303 /* Pods */ = {
			isa = PBXGroup;
			children = (
				B68BE36E1BDD5A2C91F05951 /* Pods-SampleGitHubActions.debug.xcconfig */,
				882A061FAA944BE6D461FC85 /* Pods-SampleGitHubActions.release.xcconfig */,
				7A152DAA569F86EF2DFE8B41 /* Pods-SampleGitHubActions-SampleGitHubActionsUITests.debug.xcconfig */,
				CA69D12B686DE6DAA87EE793 /* Pods-SampleGitHubActions-SampleGitHubActionsUITests.release.xcconfig */,
				F8A3C182E3744F3B9E474C20 /* Pods-SampleGitHubActionsTests.debug.xcconfig */,
				B9E6EC261A4BC36F5D59E26A /* Pods-SampleGitHubActionsTests.release.xcconfig */,
			);
			path = Pods;
			sourceTree = "<group>";
		};
		C10299A92A553E3E00A1CC31 = {
			isa = PBXGroup;
			children = (
				C10299B42A553E3E00A1CC31 /* SampleGitHubActions */,
				C10299C52A553E4100A1CC31 /* SampleGitHubActionsTests */,
				C10299CF2A553E4100A1CC31 /* SampleGitHubActionsUITests */,
				C10299B32A553E3E00A1CC31 /* Products */,
				4DDE325D08585F4A76A7C303 /* Pods */,
				4D20EBCA0C8C8FE996CB5400 /* Frameworks */,
			);
			sourceTree = "<group>";
		};
		C10299B32A553E3E00A1CC31 /* Products */ = {
			isa = PBXGroup;
			children = (
				C10299B22A553E3E00A1CC31 /* SampleGitHubActions.app */,
				C10299C22A553E4100A1CC31 /* SampleGitHubActionsTests.xctest */,
				C10299CC2A553E4100A1CC31 /* SampleGitHubActionsUITests.xctest */,
			);
			name = Products;
			sourceTree = "<group>";
		};
		C10299B42A553E3E00A1CC31 /* SampleGitHubActions */ = {
			isa = PBXGroup;
			children = (
				C10299B52A553E3E00A1CC31 /* SampleGitHubActionsApp.swift */,
				C10299B72A553E3E00A1CC31 /* ContentView.swift */,
				C10299B92A553E4000A1CC31 /* Assets.xcassets */,
				C1029A1B2A56872900A1CC31 /* GoogleService-Info .plist */,
				C10299BB2A553E4100A1CC31 /* Preview Content */,
			);
			path = SampleGitHubActions;
			sourceTree = "<group>";
		};
		C10299BB2A553E4100A1CC31 /* Preview Content */ = {
			isa = PBXGroup;
			children = (
				C10299BC2A553E4100A1CC31 /* Preview Assets.xcassets */,
			);
			path = "Preview Content";
			sourceTree = "<group>";
		};
		C10299C52A553E4100A1CC31 /* SampleGitHubActionsTests */ = {
			isa = PBXGroup;
			children = (
				C10299C62A553E4100A1CC31 /* SampleGitHubActionsTests.swift */,
			);
			path = SampleGitHubActionsTests;
			sourceTree = "<group>";
		};
		C10299CF2A553E4100A1CC31 /* SampleGitHubActionsUITests */ = {
			isa = PBXGroup;
			children = (
				C10299D02A553E4100A1CC31 /* SampleGitHubActionsUITests.swift */,
				C10299D22A553E4100A1CC31 /* SampleGitHubActionsUITestsLaunchTests.swift */,
			);
			path = SampleGitHubActionsUITests;
			sourceTree = "<group>";
		};
/* End PBXGroup section */

/* Begin PBXNativeTarget section */
		C10299B12A553E3E00A1CC31 /* SampleGitHubActions */ = {
			isa = PBXNativeTarget;
			buildConfigurationList = C10299D62A553E4100A1CC31 /* Build configuration list for PBXNativeTarget "SampleGitHubActions" */;
			buildPhases = (
				D84A3EA3270AD71517965C85 /* [CP] Check Pods Manifest.lock */,
				C10299AE2A553E3E00A1CC31 /* Sources */,
				C10299AF2A553E3E00A1CC31 /* Frameworks */,
				C10299B02A553E3E00A1CC31 /* Resources */,
				917885BF2C7F9D002E963EAD /* [CP] Embed Pods Frameworks */,
			);
			buildRules = (
			);
			dependencies = (
			);
			name = SampleGitHubActions;
			productName = SampleGitHubActions;
			productReference = C10299B22A553E3E00A1CC31 /* SampleGitHubActions.app */;
			productType = "com.apple.product-type.application";
		};
		C10299C12A553E4100A1CC31 /* SampleGitHubActionsTests */ = {
			isa = PBXNativeTarget;
			buildConfigurationList = C10299D92A553E4100A1CC31 /* Build configuration list for PBXNativeTarget "SampleGitHubActionsTests" */;
			buildPhases = (
				22B6271C98B873D31C6C0D8C /* [CP] Check Pods Manifest.lock */,
				C10299BE2A553E4100A1CC31 /* Sources */,
				C10299BF2A553E4100A1CC31 /* Frameworks */,
				C10299C02A553E4100A1CC31 /* Resources */,
			);
			buildRules = (
			);
			dependencies = (
				C10299C42A553E4100A1CC31 /* PBXTargetDependency */,
			);
			name = SampleGitHubActionsTests;
			productName = SampleGitHubActionsTests;
			productReference = C10299C22A553E4100A1CC31 /* SampleGitHubActionsTests.xctest */;
			productType = "com.apple.product-type.bundle.unit-test";
		};
		C10299CB2A553E4100A1CC31 /* SampleGitHubActionsUITests */ = {
			isa = PBXNativeTarget;
			buildConfigurationList = C10299DC2A553E4100A1CC31 /* Build configuration list for PBXNativeTarget "SampleGitHubActionsUITests" */;
			buildPhases = (
				F6CF18E604C6FA99C783050F /* [CP] Check Pods Manifest.lock */,
				C10299C82A553E4100A1CC31 /* Sources */,
				C10299C92A553E4100A1CC31 /* Frameworks */,
				C10299CA2A553E4100A1CC31 /* Resources */,
				2B5B5F315E1EA558D9FE6FC8 /* [CP] Embed Pods Frameworks */,
			);
			buildRules = (
			);
			dependencies = (
				C10299CE2A553E4100A1CC31 /* PBXTargetDependency */,
			);
			name = SampleGitHubActionsUITests;
			productName = SampleGitHubActionsUITests;
			productReference = C10299CC2A553E4100A1CC31 /* SampleGitHubActionsUITests.xctest */;
			productType = "com.apple.product-type.bundle.ui-testing";
		};
/* End PBXNativeTarget section */

/* Begin PBXProject section */
		C10299AA2A553E3E00A1CC31 /* Project object */ = {
			isa = PBXProject;
			attributes = {
				BuildIndependentTargetsInParallel = 1;
				LastSwiftUpdateCheck = 1430;
				LastUpgradeCheck = 1430;
				TargetAttributes = {
					C10299B12A553E3E00A1CC31 = {
						CreatedOnToolsVersion = 14.3.1;
					};
					C10299C12A553E4100A1CC31 = {
						CreatedOnToolsVersion = 14.3.1;
						TestTargetID = C10299B12A553E3E00A1CC31;
					};
					C10299CB2A553E4100A1CC31 = {
						CreatedOnToolsVersion = 14.3.1;
						TestTargetID = C10299B12A553E3E00A1CC31;
					};
				};
			};
			buildConfigurationList = C10299AD2A553E3E00A1CC31 /* Build configuration list for PBXProject "SampleGitHubActions" */;
			compatibilityVersion = "Xcode 14.0";
			developmentRegion = en;
			hasScannedForEncodings = 0;
			knownRegions = (
				en,
				Base,
			);
			mainGroup = C10299A92A553E3E00A1CC31;
			productRefGroup = C10299B32A553E3E00A1CC31 /* Products */;
			projectDirPath = "";
			projectRoot = "";
			targets = (
				C10299B12A553E3E00A1CC31 /* SampleGitHubActions */,
				C10299C12A553E4100A1CC31 /* SampleGitHubActionsTests */,
				C10299CB2A553E4100A1CC31 /* SampleGitHubActionsUITests */,
			);
		};
/* End PBXProject section */

/* Begin PBXResourcesBuildPhase section */
		C10299B02A553E3E00A1CC31 /* Resources */ = {
			isa = PBXResourcesBuildPhase;
			buildActionMask = 2147483647;
			files = (
				C10299BD2A553E4100A1CC31 /* Preview Assets.xcassets in Resources */,
				C1029A1C2A56872900A1CC31 /* GoogleService-Info .plist in Resources */,
				C10299BA2A553E4000A1CC31 /* Assets.xcassets in Resources */,
			);
			runOnlyForDeploymentPostprocessing = 0;
		};
		C10299C02A553E4100A1CC31 /* Resources */ = {
			isa = PBXResourcesBuildPhase;
			buildActionMask = 2147483647;
			files = (
			);
			runOnlyForDeploymentPostprocessing = 0;
		};
		C10299CA2A553E4100A1CC31 /* Resources */ = {
			isa = PBXResourcesBuildPhase;
			buildActionMask = 2147483647;
			files = (
			);
			runOnlyForDeploymentPostprocessing = 0;
		};
/* End PBXResourcesBuildPhase section */

/* Begin PBXShellScriptBuildPhase section */
		22B6271C98B873D31C6C0D8C /* [CP] Check Pods Manifest.lock */ = {
			isa = PBXShellScriptBuildPhase;
			buildActionMask = 2147483647;
			files = (
			);
			inputFileListPaths = (
			);
			inputPaths = (
				"${PODS_PODFILE_DIR_PATH}/Podfile.lock",
				"${PODS_ROOT}/Manifest.lock",
			);
			name = "[CP] Check Pods Manifest.lock";
			outputFileListPaths = (
			);
			outputPaths = (
				"$(DERIVED_FILE_DIR)/Pods-SampleGitHubActionsTests-checkManifestLockResult.txt",
			);
			runOnlyForDeploymentPostprocessing = 0;
			shellPath = /bin/sh;
			shellScript = "diff \"${PODS_PODFILE_DIR_PATH}/Podfile.lock\" \"${PODS_ROOT}/Manifest.lock\" > /dev/null\nif [ $? != 0 ] ; then\n    # print error to STDERR\n    echo \"error: The sandbox is not in sync with the Podfile.lock. Run 'pod install' or update your CocoaPods installation.\" >&2\n    exit 1\nfi\n# This output is used by Xcode 'outputs' to avoid re-running this script phase.\necho \"SUCCESS\" > \"${SCRIPT_OUTPUT_FILE_0}\"\n";
			showEnvVarsInLog = 0;
		};
		2B5B5F315E1EA558D9FE6FC8 /* [CP] Embed Pods Frameworks */ = {
			isa = PBXShellScriptBuildPhase;
			buildActionMask = 2147483647;
			files = (
			);
			inputFileListPaths = (
				"${PODS_ROOT}/Target Support Files/Pods-SampleGitHubActions-SampleGitHubActionsUITests/Pods-SampleGitHubActions-SampleGitHubActionsUITests-frameworks-${CONFIGURATION}-input-files.xcfilelist",
			);
			name = "[CP] Embed Pods Frameworks";
			outputFileListPaths = (
				"${PODS_ROOT}/Target Support Files/Pods-SampleGitHubActions-SampleGitHubActionsUITests/Pods-SampleGitHubActions-SampleGitHubActionsUITests-frameworks-${CONFIGURATION}-output-files.xcfilelist",
			);
			runOnlyForDeploymentPostprocessing = 0;
			shellPath = /bin/sh;
			shellScript = "\"${PODS_ROOT}/Target Support Files/Pods-SampleGitHubActions-SampleGitHubActionsUITests/Pods-SampleGitHubActions-SampleGitHubActionsUITests-frameworks.sh\"\n";
			showEnvVarsInLog = 0;
		};
		917885BF2C7F9D002E963EAD /* [CP] Embed Pods Frameworks */ = {
			isa = PBXShellScriptBuildPhase;
			buildActionMask = 2147483647;
			files = (
			);
			inputFileListPaths = (
				"${PODS_ROOT}/Target Support Files/Pods-SampleGitHubActions/Pods-SampleGitHubActions-frameworks-${CONFIGURATION}-input-files.xcfilelist",
			);
			name = "[CP] Embed Pods Frameworks";
			outputFileListPaths = (
				"${PODS_ROOT}/Target Support Files/Pods-SampleGitHubActions/Pods-SampleGitHubActions-frameworks-${CONFIGURATION}-output-files.xcfilelist",
			);
			runOnlyForDeploymentPostprocessing = 0;
			shellPath = /bin/sh;
			shellScript = "\"${PODS_ROOT}/Target Support Files/Pods-SampleGitHubActions/Pods-SampleGitHubActions-frameworks.sh\"\n";
			showEnvVarsInLog = 0;
		};
		D84A3EA3270AD71517965C85 /* [CP] Check Pods Manifest.lock */ = {
			isa = PBXShellScriptBuildPhase;
			buildActionMask = 2147483647;
			files = (
			);
			inputFileListPaths = (
			);
			inputPaths = (
				"${PODS_PODFILE_DIR_PATH}/Podfile.lock",
				"${PODS_ROOT}/Manifest.lock",
			);
			name = "[CP] Check Pods Manifest.lock";
			outputFileListPaths = (
			);
			outputPaths = (
				"$(DERIVED_FILE_DIR)/Pods-SampleGitHubActions-checkManifestLockResult.txt",
			);
			runOnlyForDeploymentPostprocessing = 0;
			shellPath = /bin/sh;
			shellScript = "diff \"${PODS_PODFILE_DIR_PATH}/Podfile.lock\" \"${PODS_ROOT}/Manifest.lock\" > /dev/null\nif [ $? != 0 ] ; then\n    # print error to STDERR\n    echo \"error: The sandbox is not in sync with the Podfile.lock. Run 'pod install' or update your CocoaPods installation.\" >&2\n    exit 1\nfi\n# This output is used by Xcode 'outputs' to avoid re-running this script phase.\necho \"SUCCESS\" > \"${SCRIPT_OUTPUT_FILE_0}\"\n";
			showEnvVarsInLog = 0;
		};
		F6CF18E604C6FA99C783050F /* [CP] Check Pods Manifest.lock */ = {
			isa = PBXShellScriptBuildPhase;
			buildActionMask = 2147483647;
			files = (
			);
			inputFileListPaths = (
			);
			inputPaths = (
				"${PODS_PODFILE_DIR_PATH}/Podfile.lock",
				"${PODS_ROOT}/Manifest.lock",
			);
			name = "[CP] Check Pods Manifest.lock";
			outputFileListPaths = (
			);
			outputPaths = (
				"$(DERIVED_FILE_DIR)/Pods-SampleGitHubActions-SampleGitHubActionsUITests-checkManifestLockResult.txt",
			);
			runOnlyForDeploymentPostprocessing = 0;
			shellPath = /bin/sh;
			shellScript = "diff \"${PODS_PODFILE_DIR_PATH}/Podfile.lock\" \"${PODS_ROOT}/Manifest.lock\" > /dev/null\nif [ $? != 0 ] ; then\n    # print error to STDERR\n    echo \"error: The sandbox is not in sync with the Podfile.lock. Run 'pod install' or update your CocoaPods installation.\" >&2\n    exit 1\nfi\n# This output is used by Xcode 'outputs' to avoid re-running this script phase.\necho \"SUCCESS\" > \"${SCRIPT_OUTPUT_FILE_0}\"\n";
			showEnvVarsInLog = 0;
		};
/* End PBXShellScriptBuildPhase section */

/* Begin PBXSourcesBuildPhase section */
		C10299AE2A553E3E00A1CC31 /* Sources */ = {
			isa = PBXSourcesBuildPhase;
			buildActionMask = 2147483647;
			files = (
				C10299B82A553E3E00A1CC31 /* ContentView.swift in Sources */,
				C10299B62A553E3E00A1CC31 /* SampleGitHubActionsApp.swift in Sources */,
			);
			runOnlyForDeploymentPostprocessing = 0;
		};
		C10299BE2A553E4100A1CC31 /* Sources */ = {
			isa = PBXSourcesBuildPhase;
			buildActionMask = 2147483647;
			files = (
				C10299C72A553E4100A1CC31 /* SampleGitHubActionsTests.swift in Sources */,
			);
			runOnlyForDeploymentPostprocessing = 0;
		};
		C10299C82A553E4100A1CC31 /* Sources */ = {
			isa = PBXSourcesBuildPhase;
			buildActionMask = 2147483647;
			files = (
				C10299D12A553E4100A1CC31 /* SampleGitHubActionsUITests.swift in Sources */,
				C10299D32A553E4100A1CC31 /* SampleGitHubActionsUITestsLaunchTests.swift in Sources */,
			);
			runOnlyForDeploymentPostprocessing = 0;
		};
/* End PBXSourcesBuildPhase section */

/* Begin PBXTargetDependency section */
		C10299C42A553E4100A1CC31 /* PBXTargetDependency */ = {
			isa = PBXTargetDependency;
			target = C10299B12A553E3E00A1CC31 /* SampleGitHubActions */;
			targetProxy = C10299C32A553E4100A1CC31 /* PBXContainerItemProxy */;
		};
		C10299CE2A553E4100A1CC31 /* PBXTargetDependency */ = {
			isa = PBXTargetDependency;
			target = C10299B12A553E3E00A1CC31 /* SampleGitHubActions */;
			targetProxy = C10299CD2A553E4100A1CC31 /* PBXContainerItemProxy */;
		};
/* End PBXTargetDependency section */

/* Begin XCBuildConfiguration section */
		C10299D42A553E4100A1CC31 /* Debug */ = {
			isa = XCBuildConfiguration;
			buildSettings = {
				ALWAYS_SEARCH_USER_PATHS = NO;
				CLANG_ANALYZER_NONNULL = YES;
				CLANG_ANALYZER_NUMBER_OBJECT_CONVERSION = YES_AGGRESSIVE;
				CLANG_CXX_LANGUAGE_STANDARD = "gnu++20";
				CLANG_ENABLE_MODULES = YES;
				CLANG_ENABLE_OBJC_ARC = YES;
				CLANG_ENABLE_OBJC_WEAK = YES;
				CLANG_WARN_BLOCK_CAPTURE_AUTORELEASING = YES;
				CLANG_WARN_BOOL_CONVERSION = YES;
				CLANG_WARN_COMMA = YES;
				CLANG_WARN_CONSTANT_CONVERSION = YES;
				CLANG_WARN_DEPRECATED_OBJC_IMPLEMENTATIONS = YES;
				CLANG_WARN_DIRECT_OBJC_ISA_USAGE = YES_ERROR;
				CLANG_WARN_DOCUMENTATION_COMMENTS = YES;
				CLANG_WARN_EMPTY_BODY = YES;
				CLANG_WARN_ENUM_CONVERSION = YES;
				CLANG_WARN_INFINITE_RECURSION = YES;
				CLANG_WARN_INT_CONVERSION = YES;
				CLANG_WARN_NON_LITERAL_NULL_CONVERSION = YES;
				CLANG_WARN_OBJC_IMPLICIT_RETAIN_SELF = YES;
				CLANG_WARN_OBJC_LITERAL_CONVERSION = YES;
				CLANG_WARN_OBJC_ROOT_CLASS = YES_ERROR;
				CLANG_WARN_QUOTED_INCLUDE_IN_FRAMEWORK_HEADER = YES;
				CLANG_WARN_RANGE_LOOP_ANALYSIS = YES;
				CLANG_WARN_STRICT_PROTOTYPES = YES;
				CLANG_WARN_SUSPICIOUS_MOVE = YES;
				CLANG_WARN_UNGUARDED_AVAILABILITY = YES_AGGRESSIVE;
				CLANG_WARN_UNREACHABLE_CODE = YES;
				CLANG_WARN__DUPLICATE_METHOD_MATCH = YES;
				COPY_PHASE_STRIP = NO;
				DEBUG_INFORMATION_FORMAT = dwarf;
				ENABLE_STRICT_OBJC_MSGSEND = YES;
				ENABLE_TESTABILITY = YES;
				GCC_C_LANGUAGE_STANDARD = gnu11;
				GCC_DYNAMIC_NO_PIC = NO;
				GCC_NO_COMMON_BLOCKS = YES;
				GCC_OPTIMIZATION_LEVEL = 0;
				GCC_PREPROCESSOR_DEFINITIONS = (
					"DEBUG=1",
					"$(inherited)",
				);
				GCC_WARN_64_TO_32_BIT_CONVERSION = YES;
				GCC_WARN_ABOUT_RETURN_TYPE = YES_ERROR;
				GCC_WARN_UNDECLARED_SELECTOR = YES;
				GCC_WARN_UNINITIALIZED_AUTOS = YES_AGGRESSIVE;
				GCC_WARN_UNUSED_FUNCTION = YES;
				GCC_WARN_UNUSED_VARIABLE = YES;
				IPHONEOS_DEPLOYMENT_TARGET = 14.0;
				MTL_ENABLE_DEBUG_INFO = INCLUDE_SOURCE;
				MTL_FAST_MATH = YES;
				ONLY_ACTIVE_ARCH = YES;
				SDKROOT = iphoneos;
				SWIFT_ACTIVE_COMPILATION_CONDITIONS = DEBUG;
				SWIFT_OPTIMIZATION_LEVEL = "-Onone";
			};
			name = Debug;
		};
		C10299D52A553E4100A1CC31 /* Release */ = {
			isa = XCBuildConfiguration;
			buildSettings = {
				ALWAYS_SEARCH_USER_PATHS = NO;
				CLANG_ANALYZER_NONNULL = YES;
				CLANG_ANALYZER_NUMBER_OBJECT_CONVERSION = YES_AGGRESSIVE;
				CLANG_CXX_LANGUAGE_STANDARD = "gnu++20";
				CLANG_ENABLE_MODULES = YES;
				CLANG_ENABLE_OBJC_ARC = YES;
				CLANG_ENABLE_OBJC_WEAK = YES;
				CLANG_WARN_BLOCK_CAPTURE_AUTORELEASING = YES;
				CLANG_WARN_BOOL_CONVERSION = YES;
				CLANG_WARN_COMMA = YES;
				CLANG_WARN_CONSTANT_CONVERSION = YES;
				CLANG_WARN_DEPRECATED_OBJC_IMPLEMENTATIONS = YES;
				CLANG_WARN_DIRECT_OBJC_ISA_USAGE = YES_ERROR;
				CLANG_WARN_DOCUMENTATION_COMMENTS = YES;
				CLANG_WARN_EMPTY_BODY = YES;
				CLANG_WARN_ENUM_CONVERSION = YES;
				CLANG_WARN_INFINITE_RECURSION = YES;
				CLANG_WARN_INT_CONVERSION = YES;
				CLANG_WARN_NON_LITERAL_NULL_CONVERSION = YES;
				CLANG_WARN_OBJC_IMPLICIT_RETAIN_SELF = YES;
				CLANG_WARN_OBJC_LITERAL_CONVERSION = YES;
				CLANG_WARN_OBJC_ROOT_CLASS = YES_ERROR;
				CLANG_WARN_QUOTED_INCLUDE_IN_FRAMEWORK_HEADER = YES;
				CLANG_WARN_RANGE_LOOP_ANALYSIS = YES;
				CLANG_WARN_STRICT_PROTOTYPES = YES;
				CLANG_WARN_SUSPICIOUS_MOVE = YES;
				CLANG_WARN_UNGUARDED_AVAILABILITY = YES_AGGRESSIVE;
				CLANG_WARN_UNREACHABLE_CODE = YES;
				CLANG_WARN__DUPLICATE_METHOD_MATCH = YES;
				COPY_PHASE_STRIP = NO;
				DEBUG_INFORMATION_FORMAT = "dwarf-with-dsym";
				ENABLE_NS_ASSERTIONS = NO;
				ENABLE_STRICT_OBJC_MSGSEND = YES;
				GCC_C_LANGUAGE_STANDARD = gnu11;
				GCC_NO_COMMON_BLOCKS = YES;
				GCC_WARN_64_TO_32_BIT_CONVERSION = YES;
				GCC_WARN_ABOUT_RETURN_TYPE = YES_ERROR;
				GCC_WARN_UNDECLARED_SELECTOR = YES;
				GCC_WARN_UNINITIALIZED_AUTOS = YES_AGGRESSIVE;
				GCC_WARN_UNUSED_FUNCTION = YES;
				GCC_WARN_UNUSED_VARIABLE = YES;
				IPHONEOS_DEPLOYMENT_TARGET = 14.0;
				MTL_ENABLE_DEBUG_INFO = NO;
				MTL_FAST_MATH = YES;
				SDKROOT = iphoneos;
				SWIFT_COMPILATION_MODE = wholemodule;
				SWIFT_OPTIMIZATION_LEVEL = "-O";
				VALIDATE_PRODUCT = YES;
			};
			name = Release;
		};
		C10299D72A553E4100A1CC31 /* Debug */ = {
			isa = XCBuildConfiguration;
			baseConfigurationReference = B68BE36E1BDD5A2C91F05951 /* Pods-SampleGitHubActions.debug.xcconfig */;
			buildSettings = {
				ASSETCATALOG_COMPILER_APPICON_NAME = AppIcon;
				ASSETCATALOG_COMPILER_GLOBAL_ACCENT_COLOR_NAME = AccentColor;
				"CODE_SIGN_IDENTITY[sdk=iphoneos*]" = "iPhone Distribution";
				CODE_SIGN_STYLE = Manual;
				CURRENT_PROJECT_VERSION = 1;
				DEVELOPMENT_ASSET_PATHS = "\"SampleGitHubActions/Preview Content\"";
				DEVELOPMENT_TEAM = "";
				"DEVELOPMENT_TEAM[sdk=iphoneos*]" = C2A82W67LB;
				ENABLE_PREVIEWS = YES;
				GENERATE_INFOPLIST_FILE = YES;
				INFOPLIST_KEY_UIApplicationSceneManifest_Generation = YES;
				INFOPLIST_KEY_UIApplicationSupportsIndirectInputEvents = YES;
				INFOPLIST_KEY_UILaunchScreen_Generation = YES;
				INFOPLIST_KEY_UISupportedInterfaceOrientations_iPad = "UIInterfaceOrientationPortrait UIInterfaceOrientationPortraitUpsideDown UIInterfaceOrientationLandscapeLeft UIInterfaceOrientationLandscapeRight";
				INFOPLIST_KEY_UISupportedInterfaceOrientations_iPhone = "UIInterfaceOrientationPortrait UIInterfaceOrientationLandscapeLeft UIInterfaceOrientationLandscapeRight";
				IPHONEOS_DEPLOYMENT_TARGET = 14.0;
				LD_RUNPATH_SEARCH_PATHS = (
					"$(inherited)",
					"@executable_path/Frameworks",
				);
				MARKETING_VERSION = 1.0;
				PRODUCT_BUNDLE_IDENTIFIER = bravesoft.SampleGitHubActions;
				PRODUCT_NAME = "$(TARGET_NAME)";
				PROVISIONING_PROFILE_SPECIFIER = "";
				"PROVISIONING_PROFILE_SPECIFIER[sdk=iphoneos*]" = "SampleGitHubActions AdHoc Profile";
				SWIFT_EMIT_LOC_STRINGS = YES;
				SWIFT_VERSION = 5.0;
				TARGETED_DEVICE_FAMILY = "1,2";
			};
			name = Debug;
		};
		C10299D82A553E4100A1CC31 /* Release */ = {
			isa = XCBuildConfiguration;
			baseConfigurationReference = 882A061FAA944BE6D461FC85 /* Pods-SampleGitHubActions.release.xcconfig */;
			buildSettings = {
				ASSETCATALOG_COMPILER_APPICON_NAME = AppIcon;
				ASSETCATALOG_COMPILER_GLOBAL_ACCENT_COLOR_NAME = AccentColor;
				"CODE_SIGN_IDENTITY[sdk=iphoneos*]" = "iPhone Distribution";
				CODE_SIGN_STYLE = Manual;
				CURRENT_PROJECT_VERSION = 1;
				DEVELOPMENT_ASSET_PATHS = "\"SampleGitHubActions/Preview Content\"";
				DEVELOPMENT_TEAM = "";
				"DEVELOPMENT_TEAM[sdk=iphoneos*]" = C2A82W67LB;
				ENABLE_PREVIEWS = YES;
				GENERATE_INFOPLIST_FILE = YES;
				INFOPLIST_KEY_UIApplicationSceneManifest_Generation = YES;
				INFOPLIST_KEY_UIApplicationSupportsIndirectInputEvents = YES;
				INFOPLIST_KEY_UILaunchScreen_Generation = YES;
				INFOPLIST_KEY_UISupportedInterfaceOrientations_iPad = "UIInterfaceOrientationPortrait UIInterfaceOrientationPortraitUpsideDown UIInterfaceOrientationLandscapeLeft UIInterfaceOrientationLandscapeRight";
				INFOPLIST_KEY_UISupportedInterfaceOrientations_iPhone = "UIInterfaceOrientationPortrait UIInterfaceOrientationLandscapeLeft UIInterfaceOrientationLandscapeRight";
				IPHONEOS_DEPLOYMENT_TARGET = 14.0;
				LD_RUNPATH_SEARCH_PATHS = (
					"$(inherited)",
					"@executable_path/Frameworks",
				);
				MARKETING_VERSION = 1.0;
				PRODUCT_BUNDLE_IDENTIFIER = bravesoft.SampleGitHubActions;
				PRODUCT_NAME = "$(TARGET_NAME)";
				PROVISIONING_PROFILE_SPECIFIER = "";
				"PROVISIONING_PROFILE_SPECIFIER[sdk=iphoneos*]" = "SampleGitHubActions AdHoc Profile";
				SWIFT_EMIT_LOC_STRINGS = YES;
				SWIFT_VERSION = 5.0;
				TARGETED_DEVICE_FAMILY = "1,2";
			};
			name = Release;
		};
		C10299DA2A553E4100A1CC31 /* Debug */ = {
			isa = XCBuildConfiguration;
			baseConfigurationReference = F8A3C182E3744F3B9E474C20 /* Pods-SampleGitHubActionsTests.debug.xcconfig */;
			buildSettings = {
				ALWAYS_EMBED_SWIFT_STANDARD_LIBRARIES = YES;
				BUNDLE_LOADER = "$(TEST_HOST)";
				CODE_SIGN_STYLE = Automatic;
				CURRENT_PROJECT_VERSION = 1;
				DEVELOPMENT_TEAM = C2A82W67LB;
				GENERATE_INFOPLIST_FILE = YES;
				IPHONEOS_DEPLOYMENT_TARGET = 16.4;
				MARKETING_VERSION = 1.0;
				PRODUCT_BUNDLE_IDENTIFIER = bravesoft.SampleGitHubActionsTests;
				PRODUCT_NAME = "$(TARGET_NAME)";
				SWIFT_EMIT_LOC_STRINGS = NO;
				SWIFT_VERSION = 5.0;
				TARGETED_DEVICE_FAMILY = "1,2";
				TEST_HOST = "$(BUILT_PRODUCTS_DIR)/SampleGitHubActions.app/$(BUNDLE_EXECUTABLE_FOLDER_PATH)/SampleGitHubActions";
			};
			name = Debug;
		};
		C10299DB2A553E4100A1CC31 /* Release */ = {
			isa = XCBuildConfiguration;
			baseConfigurationReference = B9E6EC261A4BC36F5D59E26A /* Pods-SampleGitHubActionsTests.release.xcconfig */;
			buildSettings = {
				ALWAYS_EMBED_SWIFT_STANDARD_LIBRARIES = YES;
				BUNDLE_LOADER = "$(TEST_HOST)";
				CODE_SIGN_STYLE = Automatic;
				CURRENT_PROJECT_VERSION = 1;
				DEVELOPMENT_TEAM = C2A82W67LB;
				GENERATE_INFOPLIST_FILE = YES;
				IPHONEOS_DEPLOYMENT_TARGET = 16.4;
				MARKETING_VERSION = 1.0;
				PRODUCT_BUNDLE_IDENTIFIER = bravesoft.SampleGitHubActionsTests;
				PRODUCT_NAME = "$(TARGET_NAME)";
				SWIFT_EMIT_LOC_STRINGS = NO;
				SWIFT_VERSION = 5.0;
				TARGETED_DEVICE_FAMILY = "1,2";
				TEST_HOST = "$(BUILT_PRODUCTS_DIR)/SampleGitHubActions.app/$(BUNDLE_EXECUTABLE_FOLDER_PATH)/SampleGitHubActions";
			};
			name = Release;
		};
		C10299DD2A553E4100A1CC31 /* Debug */ = {
			isa = XCBuildConfiguration;
			baseConfigurationReference = 7A152DAA569F86EF2DFE8B41 /* Pods-SampleGitHubActions-SampleGitHubActionsUITests.debug.xcconfig */;
			buildSettings = {
				ALWAYS_EMBED_SWIFT_STANDARD_LIBRARIES = YES;
				CODE_SIGN_STYLE = Automatic;
				CURRENT_PROJECT_VERSION = 1;
				DEVELOPMENT_TEAM = C2A82W67LB;
				GENERATE_INFOPLIST_FILE = YES;
				MARKETING_VERSION = 1.0;
				PRODUCT_BUNDLE_IDENTIFIER = bravesoft.SampleGitHubActionsUITests;
				PRODUCT_NAME = "$(TARGET_NAME)";
				SWIFT_EMIT_LOC_STRINGS = NO;
				SWIFT_VERSION = 5.0;
				TARGETED_DEVICE_FAMILY = "1,2";
				TEST_TARGET_NAME = SampleGitHubActions;
			};
			name = Debug;
		};
		C10299DE2A553E4100A1CC31 /* Release */ = {
			isa = XCBuildConfiguration;
			baseConfigurationReference = CA69D12B686DE6DAA87EE793 /* Pods-SampleGitHubActions-SampleGitHubActionsUITests.release.xcconfig */;
			buildSettings = {
				ALWAYS_EMBED_SWIFT_STANDARD_LIBRARIES = YES;
				CODE_SIGN_STYLE = Automatic;
				CURRENT_PROJECT_VERSION = 1;
				DEVELOPMENT_TEAM = C2A82W67LB;
				GENERATE_INFOPLIST_FILE = YES;
				MARKETING_VERSION = 1.0;
				PRODUCT_BUNDLE_IDENTIFIER = bravesoft.SampleGitHubActionsUITests;
				PRODUCT_NAME = "$(TARGET_NAME)";
				SWIFT_EMIT_LOC_STRINGS = NO;
				SWIFT_VERSION = 5.0;
				TARGETED_DEVICE_FAMILY = "1,2";
				TEST_TARGET_NAME = SampleGitHubActions;
			};
			name = Release;
		};
/* End XCBuildConfiguration section */

/* Begin XCConfigurationList section */
		C10299AD2A553E3E00A1CC31 /* Build configuration list for PBXProject "SampleGitHubActions" */ = {
			isa = XCConfigurationList;
			buildConfigurations = (
				C10299D42A553E4100A1CC31 /* Debug */,
				C10299D52A553E4100A1CC31 /* Release */,
			);
			defaultConfigurationIsVisible = 0;
			defaultConfigurationName = Release;
		};
		C10299D62A553E4100A1CC31 /* Build configuration list for PBXNativeTarget "SampleGitHubActions" */ = {
			isa = XCConfigurationList;
			buildConfigurations = (
				C10299D72A553E4100A1CC31 /* Debug */,
				C10299D82A553E4100A1CC31 /* Release */,
			);
			defaultConfigurationIsVisible = 0;
			defaultConfigurationName = Release;
		};
		C10299D92A553E4100A1CC31 /* Build configuration list for PBXNativeTarget "SampleGitHubActionsTests" */ = {
			isa = XCConfigurationList;
			buildConfigurations = (
				C10299DA2A553E4100A1CC31 /* Debug */,
				C10299DB2A553E4100A1CC31 /* Release */,
			);
			defaultConfigurationIsVisible = 0;
			defaultConfigurationName = Release;
		};
		C10299DC2A553E4100A1CC31 /* Build configuration list for PBXNativeTarget "SampleGitHubActionsUITests" */ = {
			isa = XCConfigurationList;
			buildConfigurations = (
				C10299DD2A553E4100A1CC31 /* Debug */,
				C10299DE2A553E4100A1CC31 /* Release */,
			);
			defaultConfigurationIsVisible = 0;
			defaultConfigurationName = Release;
		};
/* End XCConfigurationList section */
	};
	rootObject = C10299AA2A553E3E00A1CC31 /* Project object */;
}
